
Microsoft Visual Studio Solution File, Format Version 12.00
# Visual Studio Version 16
VisualStudioVersion = 16.0.32413.511
MinimumVisualStudioVersion = 10.0.40219.1
Project("{FAE04EC0-301F-11D3-BF4B-00C04F79EFBC}") = "10kisiyasortalamasi", "10kisiyasortalamasi\10kisiyasortalamasi.csproj", "{B04D7EC4-1594-4625-AFEB-4F17299778AC}"
EndProject
Global
	GlobalSection(SolutionConfigurationPlatforms) = preSolution
		Debug|Any CPU = Debug|Any CPU
		Release|Any CPU = Release|Any CPU
	EndGlobalSection
	GlobalSection(ProjectConfigurationPlatforms) = postSolution
		{B04D7EC4-1594-4625-AFEB-4F17299778AC}.Debug|Any CPU.ActiveCfg = Debug|Any CPU
		{B04D7EC4-1594-4625-AFEB-4F17299778AC}.Debug|Any CPU.Build.0 = Debug|Any CPU
		{B04D7EC4-1594-4625-AFEB-4F17299778AC}.Release|Any CPU.ActiveCfg = Release|Any CPU
		{B04D7EC4-1594-4625-AFEB-4F17299778AC}.Release|Any CPU.Build.0 = Release|Any CPU
	EndGlobalSection
	GlobalSection(SolutionProperties) = preSolution
		HideSolutionNode = FALSE
	EndGlobalSection
	GlobalSection(ExtensibilityGlobals) = postSolution
		SolutionGuid = {62B5FF74-A6D8-408B-8AB5-EA442F77B07B}
	EndGlobalSection
EndGlobal
